{
  "name": "liana-core",
  "version": "0.0.3",
  "lockfileVersion": 3,
  "requires": true,
  "packages": {
    "": {
      "name": "liana-core",
      "version": "0.0.3",
      "dependencies": {
        "pareto-core": "^0.1.18"
      }
    },
    "node_modules/pareto-core": {
      "version": "0.1.18",
      "resolved": "https://registry.npmjs.org/pareto-core/-/pareto-core-0.1.18.tgz",
      "integrity": "sha512-7An5MIlgnt/LxLm6Zr5gbJbUoZtPP3TNsCUvcR+k3Rla6AiwAs4riJwM9r3q7teSTWvHdGBgZll9VlLy+oUuLw==",
      "license": "ISC"
    }
  }
}
